
Microsoft Visual Studio Solution File, Format Version 12.00
# Visual Studio 15
VisualStudioVersion = 15.0.28010.2050
MinimumVisualStudioVersion = 10.0.40219.1
Project("{FAE04EC0-301F-11D3-BF4B-00C04F79EFBC}") = "FunWithEnums", "FunWithEnums\FunWithEnums.csproj", "{56A7E4BE-2AF6-4D89-988C-854FF6EEDAB8}"
EndProject
Project("{FAE04EC0-301F-11D3-BF4B-00C04F79EFBC}") = "FunWithClasses", "FunWithClasses\FunWithClasses.csproj", "{2C31BBD0-9660-47D4-A3F8-5B91E4CE9915}"
EndProject
Project("{FAE04EC0-301F-11D3-BF4B-00C04F79EFBC}") = "BasicInheritanceEamples", "BasicInheritanceEamples\BasicInheritanceEamples.csproj", "{9C08ED45-2DF3-4D02-9028-A02F228D7F2B}"
EndProject
Global
	GlobalSection(SolutionConfigurationPlatforms) = preSolution
		Debug|Any CPU = Debug|Any CPU
		Release|Any CPU = Release|Any CPU
	EndGlobalSection
	GlobalSection(ProjectConfigurationPlatforms) = postSolution
		{56A7E4BE-2AF6-4D89-988C-854FF6EEDAB8}.Debug|Any CPU.ActiveCfg = Debug|Any CPU
		{56A7E4BE-2AF6-4D89-988C-854FF6EEDAB8}.Debug|Any CPU.Build.0 = Debug|Any CPU
		{56A7E4BE-2AF6-4D89-988C-854FF6EEDAB8}.Release|Any CPU.ActiveCfg = Release|Any CPU
		{56A7E4BE-2AF6-4D89-988C-854FF6EEDAB8}.Release|Any CPU.Build.0 = Release|Any CPU
		{2C31BBD0-9660-47D4-A3F8-5B91E4CE9915}.Debug|Any CPU.ActiveCfg = Debug|Any CPU
		{2C31BBD0-9660-47D4-A3F8-5B91E4CE9915}.Debug|Any CPU.Build.0 = Debug|Any CPU
		{2C31BBD0-9660-47D4-A3F8-5B91E4CE9915}.Release|Any CPU.ActiveCfg = Release|Any CPU
		{2C31BBD0-9660-47D4-A3F8-5B91E4CE9915}.Release|Any CPU.Build.0 = Release|Any CPU
		{9C08ED45-2DF3-4D02-9028-A02F228D7F2B}.Debug|Any CPU.ActiveCfg = Debug|Any CPU
		{9C08ED45-2DF3-4D02-9028-A02F228D7F2B}.Debug|Any CPU.Build.0 = Debug|Any CPU
		{9C08ED45-2DF3-4D02-9028-A02F228D7F2B}.Release|Any CPU.ActiveCfg = Release|Any CPU
		{9C08ED45-2DF3-4D02-9028-A02F228D7F2B}.Release|Any CPU.Build.0 = Release|Any CPU
	EndGlobalSection
	GlobalSection(SolutionProperties) = preSolution
		HideSolutionNode = FALSE
	EndGlobalSection
	GlobalSection(ExtensibilityGlobals) = postSolution
		SolutionGuid = {ACA331CD-7AB4-4C27-87CD-CE10CBEF5007}
	EndGlobalSection
EndGlobal
